
Microsoft Visual Studio Solution File, Format Version 12.00
# Visual Studio 15
Project("{FAE04EC0-301F-11D3-BF4B-00C04F79EFBC}") = "ExemploShiny.Android", "ExemploShiny.Android\ExemploShiny.Android.csproj", "{242D6F44-7C7A-4C38-8DC6-7870E433DE8B}"
EndProject
Project("{FAE04EC0-301F-11D3-BF4B-00C04F79EFBC}") = "ExemploShiny.iOS", "ExemploShiny.iOS\ExemploShiny.iOS.csproj", "{373869AC-7AC0-46A6-927C-9BAF8077F389}"
EndProject
Project("{FAE04EC0-301F-11D3-BF4B-00C04F79EFBC}") = "ExemploShiny", "ExemploShiny\ExemploShiny.csproj", "{BF10A88F-365B-441E-841E-39AFDA70191C}"
EndProject
Global
	GlobalSection(SolutionConfigurationPlatforms) = preSolution
		Debug|Any CPU = Debug|Any CPU
		Release|Any CPU = Release|Any CPU
		Debug|iPhoneSimulator = Debug|iPhoneSimulator
		Release|iPhoneSimulator = Release|iPhoneSimulator
		Debug|iPhone = Debug|iPhone
		Release|iPhone = Release|iPhone
	EndGlobalSection
	GlobalSection(ProjectConfigurationPlatforms) = postSolution
		{242D6F44-7C7A-4C38-8DC6-7870E433DE8B}.Debug|Any CPU.ActiveCfg = Debug|Any CPU
		{242D6F44-7C7A-4C38-8DC6-7870E433DE8B}.Debug|Any CPU.Build.0 = Debug|Any CPU
		{242D6F44-7C7A-4C38-8DC6-7870E433DE8B}.Release|Any CPU.ActiveCfg = Release|Any CPU
		{242D6F44-7C7A-4C38-8DC6-7870E433DE8B}.Release|Any CPU.Build.0 = Release|Any CPU
		{242D6F44-7C7A-4C38-8DC6-7870E433DE8B}.Debug|iPhoneSimulator.ActiveCfg = Debug|Any CPU
		{242D6F44-7C7A-4C38-8DC6-7870E433DE8B}.Debug|iPhoneSimulator.Build.0 = Debug|Any CPU
		{242D6F44-7C7A-4C38-8DC6-7870E433DE8B}.Release|iPhoneSimulator.ActiveCfg = Release|Any CPU
		{242D6F44-7C7A-4C38-8DC6-7870E433DE8B}.Release|iPhoneSimulator.Build.0 = Release|Any CPU
		{242D6F44-7C7A-4C38-8DC6-7870E433DE8B}.Debug|iPhone.ActiveCfg = Debug|Any CPU
		{242D6F44-7C7A-4C38-8DC6-7870E433DE8B}.Debug|iPhone.Build.0 = Debug|Any CPU
		{242D6F44-7C7A-4C38-8DC6-7870E433DE8B}.Release|iPhone.ActiveCfg = Release|Any CPU
		{242D6F44-7C7A-4C38-8DC6-7870E433DE8B}.Release|iPhone.Build.0 = Release|Any CPU
		{373869AC-7AC0-46A6-927C-9BAF8077F389}.Debug|Any CPU.ActiveCfg = Debug|iPhoneSimulator
		{373869AC-7AC0-46A6-927C-9BAF8077F389}.Debug|Any CPU.Build.0 = Debug|iPhoneSimulator
		{373869AC-7AC0-46A6-927C-9BAF8077F389}.Release|Any CPU.ActiveCfg = Release|iPhoneSimulator
		{373869AC-7AC0-46A6-927C-9BAF8077F389}.Release|Any CPU.Build.0 = Release|iPhoneSimulator
		{373869AC-7AC0-46A6-927C-9BAF8077F389}.Debug|iPhoneSimulator.ActiveCfg = Debug|iPhoneSimulator
		{373869AC-7AC0-46A6-927C-9BAF8077F389}.Debug|iPhoneSimulator.Build.0 = Debug|iPhoneSimulator
		{373869AC-7AC0-46A6-927C-9BAF8077F389}.Release|iPhoneSimulator.ActiveCfg = Release|iPhoneSimulator
		{373869AC-7AC0-46A6-927C-9BAF8077F389}.Release|iPhoneSimulator.Build.0 = Release|iPhoneSimulator
		{373869AC-7AC0-46A6-927C-9BAF8077F389}.Debug|iPhone.ActiveCfg = Debug|iPhone
		{373869AC-7AC0-46A6-927C-9BAF8077F389}.Debug|iPhone.Build.0 = Debug|iPhone
		{373869AC-7AC0-46A6-927C-9BAF8077F389}.Release|iPhone.ActiveCfg = Release|iPhone
		{373869AC-7AC0-46A6-927C-9BAF8077F389}.Release|iPhone.Build.0 = Release|iPhone
		{BF10A88F-365B-441E-841E-39AFDA70191C}.Debug|Any CPU.ActiveCfg = Debug|Any CPU
		{BF10A88F-365B-441E-841E-39AFDA70191C}.Debug|Any CPU.Build.0 = Debug|Any CPU
		{BF10A88F-365B-441E-841E-39AFDA70191C}.Release|Any CPU.ActiveCfg = Release|Any CPU
		{BF10A88F-365B-441E-841E-39AFDA70191C}.Release|Any CPU.Build.0 = Release|Any CPU
		{BF10A88F-365B-441E-841E-39AFDA70191C}.Debug|iPhoneSimulator.ActiveCfg = Debug|Any CPU
		{BF10A88F-365B-441E-841E-39AFDA70191C}.Debug|iPhoneSimulator.Build.0 = Debug|Any CPU
		{BF10A88F-365B-441E-841E-39AFDA70191C}.Release|iPhoneSimulator.ActiveCfg = Release|Any CPU
		{BF10A88F-365B-441E-841E-39AFDA70191C}.Release|iPhoneSimulator.Build.0 = Release|Any CPU
		{BF10A88F-365B-441E-841E-39AFDA70191C}.Debug|iPhone.ActiveCfg = Debug|Any CPU
		{BF10A88F-365B-441E-841E-39AFDA70191C}.Debug|iPhone.Build.0 = Debug|Any CPU
		{BF10A88F-365B-441E-841E-39AFDA70191C}.Release|iPhone.ActiveCfg = Release|Any CPU
		{BF10A88F-365B-441E-841E-39AFDA70191C}.Release|iPhone.Build.0 = Release|Any CPU
	EndGlobalSection
EndGlobal
